<?xml version="1.0" encoding="utf-8"?>
<Project ToolsVersion="4.0" xmlns="http://schemas.microsoft.com/developer/msbuild/2003">
  <ItemGroup>
    <ClCompile Include="GLUtilities.cpp" />
    <ClCompile Include="main.cpp" />
    <ClCompile Include="Shader.cpp" />
    <ClCompile Include="Window.cpp" />
    <ClCompile Include="Camera.cpp" />
    <ClCompile Include="OBJLoader.cpp" />
    <ClCompile Include="StringUtilities.cpp" />
  </ItemGroup>
  <ItemGroup>
    <ClInclude Include="GLUtilities.h" />
    <ClInclude Include="Shader.h" />
    <ClInclude Include="Window.h" />
    <ClInclude Include="Camera.h" />
    <ClInclude Include="OBJLoader.h" />
    <ClInclude Include="StringUtilities.h" />
    <ClInclude Include="Mesh.h" />
    <ClInclude Include="Light.h" />
  </ItemGroup>
  <ItemGroup>
    <None Include="assets\shaders\shadow.frag">
      <Filter>Shaders</Filter>
    </None>
    <None Include="assets\shaders\shadow.vert">
      <Filter>Shaders</Filter>
    </None>
    <None Include="assets\shaders\lightshaft.vert">
      <Filter>Shaders</Filter>
    </None>
    <None Include="assets\shaders\lightshaft.frag">
      <Filter>Shaders</Filter>
    </None>
    <None Include="assets\shaders\quad.frag">
      <Filter>Shaders</Filter>
    </None>
    <None Include="assets\shaders\quad.vert">
      <Filter>Shaders</Filter>
    </None>
    <None Include="assets\shaders\gbuffer.frag">
      <Filter>Shaders</Filter>
    </None>
    <None Include="assets\shaders\gbuffer.vert">
      <Filter>Shaders</Filter>
    </None>
  </ItemGroup>
  <ItemGroup>
    <Filter Include="Shaders">
      <UniqueIdentifier>{3dc36a6a-d2bf-4881-97e7-85a2e88d60c5}</UniqueIdentifier>
    </Filter>
  </ItemGroup>
</Project>